
Microsoft Visual Studio Solution File, Format Version 12.00
# Visual Studio 15
Project("{FAE04EC0-301F-11D3-BF4B-00C04F79EFBC}") = "PhotonUnityNetworking.Demos", "PhotonUnityNetworking.Demos.csproj", "{EFC18356-5228-6348-8EA0-A9D1D0A3D646}"
EndProject
Project("{FAE04EC0-301F-11D3-BF4B-00C04F79EFBC}") = "PhotonUnityNetworking.Utilities", "PhotonUnityNetworking.Utilities.csproj", "{E57686E5-479B-18F9-F484-17591DDA8053}"
EndProject
Project("{FAE04EC0-301F-11D3-BF4B-00C04F79EFBC}") = "Assembly-CSharp", "Assembly-CSharp.csproj", "{AB954AAC-4A28-B9E1-F7DA-5B5E0066960B}"
EndProject
Project("{FAE04EC0-301F-11D3-BF4B-00C04F79EFBC}") = "PhotonChat", "PhotonChat.csproj", "{B7ECB459-8C8C-ABF4-B211-49400C997D9D}"
EndProject
Project("{FAE04EC0-301F-11D3-BF4B-00C04F79EFBC}") = "PhotonUnityNetworking", "PhotonUnityNetworking.csproj", "{1BF51234-7AA4-CEDC-97C0-F1C2A276DC1C}"
EndProject
Project("{FAE04EC0-301F-11D3-BF4B-00C04F79EFBC}") = "PhotonRealtime", "PhotonRealtime.csproj", "{F616164B-1D41-5372-8F5D-CC94DC0A3DC1}"
EndProject
Project("{FAE04EC0-301F-11D3-BF4B-00C04F79EFBC}") = "PhotonWebSocket", "PhotonWebSocket.csproj", "{B0D249F9-11E9-7192-624C-BDA48F15DDE3}"
EndProject
Project("{FAE04EC0-301F-11D3-BF4B-00C04F79EFBC}") = "PhotonUnityNetworking.Editor", "PhotonUnityNetworking.Editor.csproj", "{35CE0241-5C81-1DD3-BD74-C4D186663859}"
EndProject
Project("{FAE04EC0-301F-11D3-BF4B-00C04F79EFBC}") = "PunDemos.DemoHubEditor", "PunDemos.DemoHubEditor.csproj", "{1B1152B9-48B2-723A-0086-44965B63A003}"
EndProject
Project("{FAE04EC0-301F-11D3-BF4B-00C04F79EFBC}") = "PhotonUnityNetworking.Utilities.PhotonPlayer.Editor", "PhotonUnityNetworking.Utilities.PhotonPlayer.Editor.csproj", "{A9F74E9E-74F3-E630-7617-1C45D9C716BB}"
EndProject
Project("{FAE04EC0-301F-11D3-BF4B-00C04F79EFBC}") = "PhotonUnityNetworking.Utilities.Culling.Editor", "PhotonUnityNetworking.Utilities.Culling.Editor.csproj", "{16C56C66-3EDE-4145-60FC-7FAA0B2D1743}"
EndProject
Project("{FAE04EC0-301F-11D3-BF4B-00C04F79EFBC}") = "PunDemos.DemoSlotcarEditor", "PunDemos.DemoSlotcarEditor.csproj", "{6856B11C-6B72-1D30-FB8A-22F8ADA85C26}"
EndProject
Global
	GlobalSection(SolutionConfigurationPlatforms) = preSolution
		Debug|Any CPU = Debug|Any CPU
		Release|Any CPU = Release|Any CPU
	EndGlobalSection
	GlobalSection(ProjectConfigurationPlatforms) = postSolution
		{EFC18356-5228-6348-8EA0-A9D1D0A3D646}.Debug|Any CPU.ActiveCfg = Debug|Any CPU
		{EFC18356-5228-6348-8EA0-A9D1D0A3D646}.Debug|Any CPU.Build.0 = Debug|Any CPU
		{EFC18356-5228-6348-8EA0-A9D1D0A3D646}.Release|Any CPU.ActiveCfg = Release|Any CPU
		{EFC18356-5228-6348-8EA0-A9D1D0A3D646}.Release|Any CPU.Build.0 = Release|Any CPU
		{E57686E5-479B-18F9-F484-17591DDA8053}.Debug|Any CPU.ActiveCfg = Debug|Any CPU
		{E57686E5-479B-18F9-F484-17591DDA8053}.Debug|Any CPU.Build.0 = Debug|Any CPU
		{E57686E5-479B-18F9-F484-17591DDA8053}.Release|Any CPU.ActiveCfg = Release|Any CPU
		{E57686E5-479B-18F9-F484-17591DDA8053}.Release|Any CPU.Build.0 = Release|Any CPU
		{AB954AAC-4A28-B9E1-F7DA-5B5E0066960B}.Debug|Any CPU.ActiveCfg = Debug|Any CPU
		{AB954AAC-4A28-B9E1-F7DA-5B5E0066960B}.Debug|Any CPU.Build.0 = Debug|Any CPU
		{AB954AAC-4A28-B9E1-F7DA-5B5E0066960B}.Release|Any CPU.ActiveCfg = Release|Any CPU
		{AB954AAC-4A28-B9E1-F7DA-5B5E0066960B}.Release|Any CPU.Build.0 = Release|Any CPU
		{B7ECB459-8C8C-ABF4-B211-49400C997D9D}.Debug|Any CPU.ActiveCfg = Debug|Any CPU
		{B7ECB459-8C8C-ABF4-B211-49400C997D9D}.Debug|Any CPU.Build.0 = Debug|Any CPU
		{B7ECB459-8C8C-ABF4-B211-49400C997D9D}.Release|Any CPU.ActiveCfg = Release|Any CPU
		{B7ECB459-8C8C-ABF4-B211-49400C997D9D}.Release|Any CPU.Build.0 = Release|Any CPU
		{1BF51234-7AA4-CEDC-97C0-F1C2A276DC1C}.Debug|Any CPU.ActiveCfg = Debug|Any CPU
		{1BF51234-7AA4-CEDC-97C0-F1C2A276DC1C}.Debug|Any CPU.Build.0 = Debug|Any CPU
		{1BF51234-7AA4-CEDC-97C0-F1C2A276DC1C}.Release|Any CPU.ActiveCfg = Release|Any CPU
		{1BF51234-7AA4-CEDC-97C0-F1C2A276DC1C}.Release|Any CPU.Build.0 = Release|Any CPU
		{F616164B-1D41-5372-8F5D-CC94DC0A3DC1}.Debug|Any CPU.ActiveCfg = Debug|Any CPU
		{F616164B-1D41-5372-8F5D-CC94DC0A3DC1}.Debug|Any CPU.Build.0 = Debug|Any CPU
		{F616164B-1D41-5372-8F5D-CC94DC0A3DC1}.Release|Any CPU.ActiveCfg = Release|Any CPU
		{F616164B-1D41-5372-8F5D-CC94DC0A3DC1}.Release|Any CPU.Build.0 = Release|Any CPU
		{B0D249F9-11E9-7192-624C-BDA48F15DDE3}.Debug|Any CPU.ActiveCfg = Debug|Any CPU
		{B0D249F9-11E9-7192-624C-BDA48F15DDE3}.Debug|Any CPU.Build.0 = Debug|Any CPU
		{B0D249F9-11E9-7192-624C-BDA48F15DDE3}.Release|Any CPU.ActiveCfg = Release|Any CPU
		{B0D249F9-11E9-7192-624C-BDA48F15DDE3}.Release|Any CPU.Build.0 = Release|Any CPU
		{35CE0241-5C81-1DD3-BD74-C4D186663859}.Debug|Any CPU.ActiveCfg = Debug|Any CPU
		{35CE0241-5C81-1DD3-BD74-C4D186663859}.Debug|Any CPU.Build.0 = Debug|Any CPU
		{35CE0241-5C81-1DD3-BD74-C4D186663859}.Release|Any CPU.ActiveCfg = Release|Any CPU
		{35CE0241-5C81-1DD3-BD74-C4D186663859}.Release|Any CPU.Build.0 = Release|Any CPU
		{1B1152B9-48B2-723A-0086-44965B63A003}.Debug|Any CPU.ActiveCfg = Debug|Any CPU
		{1B1152B9-48B2-723A-0086-44965B63A003}.Debug|Any CPU.Build.0 = Debug|Any CPU
		{1B1152B9-48B2-723A-0086-44965B63A003}.Release|Any CPU.ActiveCfg = Release|Any CPU
		{1B1152B9-48B2-723A-0086-44965B63A003}.Release|Any CPU.Build.0 = Release|Any CPU
		{A9F74E9E-74F3-E630-7617-1C45D9C716BB}.Debug|Any CPU.ActiveCfg = Debug|Any CPU
		{A9F74E9E-74F3-E630-7617-1C45D9C716BB}.Debug|Any CPU.Build.0 = Debug|Any CPU
		{A9F74E9E-74F3-E630-7617-1C45D9C716BB}.Release|Any CPU.ActiveCfg = Release|Any CPU
		{A9F74E9E-74F3-E630-7617-1C45D9C716BB}.Release|Any CPU.Build.0 = Release|Any CPU
		{16C56C66-3EDE-4145-60FC-7FAA0B2D1743}.Debug|Any CPU.ActiveCfg = Debug|Any CPU
		{16C56C66-3EDE-4145-60FC-7FAA0B2D1743}.Debug|Any CPU.Build.0 = Debug|Any CPU
		{16C56C66-3EDE-4145-60FC-7FAA0B2D1743}.Release|Any CPU.ActiveCfg = Release|Any CPU
		{16C56C66-3EDE-4145-60FC-7FAA0B2D1743}.Release|Any CPU.Build.0 = Release|Any CPU
		{6856B11C-6B72-1D30-FB8A-22F8ADA85C26}.Debug|Any CPU.ActiveCfg = Debug|Any CPU
		{6856B11C-6B72-1D30-FB8A-22F8ADA85C26}.Debug|Any CPU.Build.0 = Debug|Any CPU
		{6856B11C-6B72-1D30-FB8A-22F8ADA85C26}.Release|Any CPU.ActiveCfg = Release|Any CPU
		{6856B11C-6B72-1D30-FB8A-22F8ADA85C26}.Release|Any CPU.Build.0 = Release|Any CPU
	EndGlobalSection
	GlobalSection(SolutionProperties) = preSolution
		HideSolutionNode = FALSE
	EndGlobalSection
EndGlobal
